// !$*UTF8*$!
{
	archiveVersion = 1;
	classes = {
	};
	objectVersion = 51;
	objects = {

/* Begin PBXBuildFile section */
		4997400B250CA76500618F9B /* AppDelegate.swift in Sources */ = {isa = PBXBuildFile; fileRef = 4997400A250CA76500618F9B /* AppDelegate.swift */; };
		49974014250CA76700618F9B /* Assets.xcassets in Resources */ = {isa = PBXBuildFile; fileRef = 49974013250CA76700618F9B /* Assets.xcassets */; };
		49974017250CA76700618F9B /* LaunchScreen.storyboard in Resources */ = {isa = PBXBuildFile; fileRef = 49974015250CA76700618F9B /* LaunchScreen.storyboard */; };
		49974022250CA76700618F9B /* VoomTutorialTests.swift in Sources */ = {isa = PBXBuildFile; fileRef = 49974021250CA76700618F9B /* VoomTutorialTests.swift */; };
		4997402D250CA76700618F9B /* VoomTutorialUITests.swift in Sources */ = {isa = PBXBuildFile; fileRef = 4997402C250CA76700618F9B /* VoomTutorialUITests.swift */; };
		4997403D250CA83000618F9B /* WorkoutTarget.swift in Sources */ = {isa = PBXBuildFile; fileRef = 4997403C250CA83000618F9B /* WorkoutTarget.swift */; };
		4997403F250CDCF800618F9B /* Workout.swift in Sources */ = {isa = PBXBuildFile; fileRef = 4997403E250CDCF800618F9B /* Workout.swift */; };
		49974041250CDD2A00618F9B /* Entity+ValueObject.swift in Sources */ = {isa = PBXBuildFile; fileRef = 49974040250CDD2900618F9B /* Entity+ValueObject.swift */; };
		73EA2F910F9A8CFB93CA5C87 /* Pods_VoomTutorial.framework in Frameworks */ = {isa = PBXBuildFile; fileRef = DA9B432079A66163D299D683 /* Pods_VoomTutorial.framework */; };
		DB59CE922B001B4846754628 /* Pods_VoomTutorialTests.framework in Frameworks */ = {isa = PBXBuildFile; fileRef = C33E1C5C87AA74679DC412EC /* Pods_VoomTutorialTests.framework */; };
		E35A2F2BBBEC6700AE8AA13E /* Pods_VoomTutorial_VoomTutorialUITests.framework in Frameworks */ = {isa = PBXBuildFile; fileRef = 7A58F1140EE913CE29EC53F0 /* Pods_VoomTutorial_VoomTutorialUITests.framework */; };
/* End PBXBuildFile section */

/* Begin PBXContainerItemProxy section */
		4997401E250CA76700618F9B /* PBXContainerItemProxy */ = {
			isa = PBXContainerItemProxy;
			containerPortal = 49973FFF250CA76500618F9B /* Project object */;
			proxyType = 1;
			remoteGlobalIDString = 49974006250CA76500618F9B;
			remoteInfo = VoomTutorial;
		};
		49974029250CA76700618F9B /* PBXContainerItemProxy */ = {
			isa = PBXContainerItemProxy;
			containerPortal = 49973FFF250CA76500618F9B /* Project object */;
			proxyType = 1;
			remoteGlobalIDString = 49974006250CA76500618F9B;
			remoteInfo = VoomTutorial;
		};
/* End PBXContainerItemProxy section */

/* Begin PBXFileReference section */
		21F8342838B2FAB4ABC1E323 /* Pods-VoomTutorial-VoomTutorialUITests.release.xcconfig */ = {isa = PBXFileReference; includeInIndex = 1; lastKnownFileType = text.xcconfig; name = "Pods-VoomTutorial-VoomTutorialUITests.release.xcconfig"; path = "Target Support Files/Pods-VoomTutorial-VoomTutorialUITests/Pods-VoomTutorial-VoomTutorialUITests.release.xcconfig"; sourceTree = "<group>"; };
		49974007250CA76500618F9B /* VoomTutorial.app */ = {isa = PBXFileReference; explicitFileType = wrapper.application; includeInIndex = 0; path = VoomTutorial.app; sourceTree = BUILT_PRODUCTS_DIR; };
		4997400A250CA76500618F9B /* AppDelegate.swift */ = {isa = PBXFileReference; lastKnownFileType = sourcecode.swift; path = AppDelegate.swift; sourceTree = "<group>"; };
		49974013250CA76700618F9B /* Assets.xcassets */ = {isa = PBXFileReference; lastKnownFileType = folder.assetcatalog; path = Assets.xcassets; sourceTree = "<group>"; };
		49974016250CA76700618F9B /* Base */ = {isa = PBXFileReference; lastKnownFileType = file.storyboard; name = Base; path = Base.lproj/LaunchScreen.storyboard; sourceTree = "<group>"; };
		49974018250CA76700618F9B /* Info.plist */ = {isa = PBXFileReference; lastKnownFileType = text.plist.xml; path = Info.plist; sourceTree = "<group>"; };
		4997401D250CA76700618F9B /* VoomTutorialTests.xctest */ = {isa = PBXFileReference; explicitFileType = wrapper.cfbundle; includeInIndex = 0; path = VoomTutorialTests.xctest; sourceTree = BUILT_PRODUCTS_DIR; };
		49974021250CA76700618F9B /* VoomTutorialTests.swift */ = {isa = PBXFileReference; lastKnownFileType = sourcecode.swift; path = VoomTutorialTests.swift; sourceTree = "<group>"; };
		49974023250CA76700618F9B /* Info.plist */ = {isa = PBXFileReference; lastKnownFileType = text.plist.xml; path = Info.plist; sourceTree = "<group>"; };
		49974028250CA76700618F9B /* VoomTutorialUITests.xctest */ = {isa = PBXFileReference; explicitFileType = wrapper.cfbundle; includeInIndex = 0; path = VoomTutorialUITests.xctest; sourceTree = BUILT_PRODUCTS_DIR; };
		4997402C250CA76700618F9B /* VoomTutorialUITests.swift */ = {isa = PBXFileReference; lastKnownFileType = sourcecode.swift; path = VoomTutorialUITests.swift; sourceTree = "<group>"; };
		4997402E250CA76700618F9B /* Info.plist */ = {isa = PBXFileReference; lastKnownFileType = text.plist.xml; path = Info.plist; sourceTree = "<group>"; };
		4997403C250CA83000618F9B /* WorkoutTarget.swift */ = {isa = PBXFileReference; lastKnownFileType = sourcecode.swift; path = WorkoutTarget.swift; sourceTree = "<group>"; };
		4997403E250CDCF800618F9B /* Workout.swift */ = {isa = PBXFileReference; lastKnownFileType = sourcecode.swift; path = Workout.swift; sourceTree = "<group>"; };
		49974040250CDD2900618F9B /* Entity+ValueObject.swift */ = {isa = PBXFileReference; lastKnownFileType = sourcecode.swift; path = "Entity+ValueObject.swift"; sourceTree = "<group>"; };
		6220C2D4569EECFEA668792C /* Pods-VoomTutorial-VoomTutorialUITests.debug.xcconfig */ = {isa = PBXFileReference; includeInIndex = 1; lastKnownFileType = text.xcconfig; name = "Pods-VoomTutorial-VoomTutorialUITests.debug.xcconfig"; path = "Target Support Files/Pods-VoomTutorial-VoomTutorialUITests/Pods-VoomTutorial-VoomTutorialUITests.debug.xcconfig"; sourceTree = "<group>"; };
		7A58F1140EE913CE29EC53F0 /* Pods_VoomTutorial_VoomTutorialUITests.framework */ = {isa = PBXFileReference; explicitFileType = wrapper.framework; includeInIndex = 0; path = Pods_VoomTutorial_VoomTutorialUITests.framework; sourceTree = BUILT_PRODUCTS_DIR; };
		C33E1C5C87AA74679DC412EC /* Pods_VoomTutorialTests.framework */ = {isa = PBXFileReference; explicitFileType = wrapper.framework; includeInIndex = 0; path = Pods_VoomTutorialTests.framework; sourceTree = BUILT_PRODUCTS_DIR; };
		C78AD48E7C54020E27492AF6 /* Pods-VoomTutorial.release.xcconfig */ = {isa = PBXFileReference; includeInIndex = 1; lastKnownFileType = text.xcconfig; name = "Pods-VoomTutorial.release.xcconfig"; path = "Target Support Files/Pods-VoomTutorial/Pods-VoomTutorial.release.xcconfig"; sourceTree = "<group>"; };
		DA9B432079A66163D299D683 /* Pods_VoomTutorial.framework */ = {isa = PBXFileReference; explicitFileType = wrapper.framework; includeInIndex = 0; path = Pods_VoomTutorial.framework; sourceTree = BUILT_PRODUCTS_DIR; };
		E8BE35C717A11CEF6EA1E5E9 /* Pods-VoomTutorial.debug.xcconfig */ = {isa = PBXFileReference; includeInIndex = 1; lastKnownFileType = text.xcconfig; name = "Pods-VoomTutorial.debug.xcconfig"; path = "Target Support Files/Pods-VoomTutorial/Pods-VoomTutorial.debug.xcconfig"; sourceTree = "<group>"; };
		F462CF87B10CEB158685E243 /* Pods-VoomTutorialTests.debug.xcconfig */ = {isa = PBXFileReference; includeInIndex = 1; lastKnownFileType = text.xcconfig; name = "Pods-VoomTutorialTests.debug.xcconfig"; path = "Target Support Files/Pods-VoomTutorialTests/Pods-VoomTutorialTests.debug.xcconfig"; sourceTree = "<group>"; };
		FB5463F57B51C649C8E70FBC /* Pods-VoomTutorialTests.release.xcconfig */ = {isa = PBXFileReference; includeInIndex = 1; lastKnownFileType = text.xcconfig; name = "Pods-VoomTutorialTests.release.xcconfig"; path = "Target Support Files/Pods-VoomTutorialTests/Pods-VoomTutorialTests.release.xcconfig"; sourceTree = "<group>"; };
/* End PBXFileReference section */

/* Begin PBXFrameworksBuildPhase section */
		49974004250CA76500618F9B /* Frameworks */ = {
			isa = PBXFrameworksBuildPhase;
			buildActionMask = 2147483647;
			files = (
				73EA2F910F9A8CFB93CA5C87 /* Pods_VoomTutorial.framework in Frameworks */,
			);
			runOnlyForDeploymentPostprocessing = 0;
		};
		4997401A250CA76700618F9B /* Frameworks */ = {
			isa = PBXFrameworksBuildPhase;
			buildActionMask = 2147483647;
			files = (
				DB59CE922B001B4846754628 /* Pods_VoomTutorialTests.framework in Frameworks */,
			);
			runOnlyForDeploymentPostprocessing = 0;
		};
		49974025250CA76700618F9B /* Frameworks */ = {
			isa = PBXFrameworksBuildPhase;
			buildActionMask = 2147483647;
			files = (
				E35A2F2BBBEC6700AE8AA13E /* Pods_VoomTutorial_VoomTutorialUITests.framework in Frameworks */,
			);
			runOnlyForDeploymentPostprocessing = 0;
		};
/* End PBXFrameworksBuildPhase section */

/* Begin PBXGroup section */
		3DA03635C2C7087F6F61287A /* Pods */ = {
			isa = PBXGroup;
			children = (
				E8BE35C717A11CEF6EA1E5E9 /* Pods-VoomTutorial.debug.xcconfig */,
				C78AD48E7C54020E27492AF6 /* Pods-VoomTutorial.release.xcconfig */,
				6220C2D4569EECFEA668792C /* Pods-VoomTutorial-VoomTutorialUITests.debug.xcconfig */,
				21F8342838B2FAB4ABC1E323 /* Pods-VoomTutorial-VoomTutorialUITests.release.xcconfig */,
				F462CF87B10CEB158685E243 /* Pods-VoomTutorialTests.debug.xcconfig */,
				FB5463F57B51C649C8E70FBC /* Pods-VoomTutorialTests.release.xcconfig */,
			);
			path = Pods;
			sourceTree = "<group>";
		};
		49973FFE250CA76500618F9B = {
			isa = PBXGroup;
			children = (
				49974009250CA76500618F9B /* VoomTutorial */,
				49974020250CA76700618F9B /* VoomTutorialTests */,
				4997402B250CA76700618F9B /* VoomTutorialUITests */,
				49974008250CA76500618F9B /* Products */,
				3DA03635C2C7087F6F61287A /* Pods */,
				F137114E8A4B411DE4A21F35 /* Frameworks */,
			);
			sourceTree = "<group>";
		};
		49974008250CA76500618F9B /* Products */ = {
			isa = PBXGroup;
			children = (
				49974007250CA76500618F9B /* VoomTutorial.app */,
				4997401D250CA76700618F9B /* VoomTutorialTests.xctest */,
				49974028250CA76700618F9B /* VoomTutorialUITests.xctest */,
			);
			name = Products;
			sourceTree = "<group>";
		};
		49974009250CA76500618F9B /* VoomTutorial */ = {
			isa = PBXGroup;
			children = (
				4997403A250CA80A00618F9B /* Domain */,
				4997400A250CA76500618F9B /* AppDelegate.swift */,
				49974013250CA76700618F9B /* Assets.xcassets */,
				49974015250CA76700618F9B /* LaunchScreen.storyboard */,
				49974018250CA76700618F9B /* Info.plist */,
			);
			path = VoomTutorial;
			sourceTree = "<group>";
		};
		49974020250CA76700618F9B /* VoomTutorialTests */ = {
			isa = PBXGroup;
			children = (
				49974021250CA76700618F9B /* VoomTutorialTests.swift */,
				49974023250CA76700618F9B /* Info.plist */,
			);
			path = VoomTutorialTests;
			sourceTree = "<group>";
		};
		4997402B250CA76700618F9B /* VoomTutorialUITests */ = {
			isa = PBXGroup;
			children = (
				4997402C250CA76700618F9B /* VoomTutorialUITests.swift */,
				4997402E250CA76700618F9B /* Info.plist */,
			);
			path = VoomTutorialUITests;
			sourceTree = "<group>";
		};
		4997403A250CA80A00618F9B /* Domain */ = {
			isa = PBXGroup;
			children = (
				4997403B250CA81100618F9B /* Entities */,
			);
			path = Domain;
			sourceTree = "<group>";
		};
		4997403B250CA81100618F9B /* Entities */ = {
			isa = PBXGroup;
			children = (
				4997403C250CA83000618F9B /* WorkoutTarget.swift */,
				4997403E250CDCF800618F9B /* Workout.swift */,
				49974042250CE03200618F9B /* protocol */,
			);
			path = Entities;
			sourceTree = "<group>";
		};
		49974042250CE03200618F9B /* protocol */ = {
			isa = PBXGroup;
			children = (
				49974040250CDD2900618F9B /* Entity+ValueObject.swift */,
			);
			path = protocol;
			sourceTree = "<group>";
		};
		F137114E8A4B411DE4A21F35 /* Frameworks */ = {
			isa = PBXGroup;
			children = (
				DA9B432079A66163D299D683 /* Pods_VoomTutorial.framework */,
				7A58F1140EE913CE29EC53F0 /* Pods_VoomTutorial_VoomTutorialUITests.framework */,
				C33E1C5C87AA74679DC412EC /* Pods_VoomTutorialTests.framework */,
			);
			name = Frameworks;
			sourceTree = "<group>";
		};
/* End PBXGroup section */

/* Begin PBXNativeTarget section */
		49974006250CA76500618F9B /* VoomTutorial */ = {
			isa = PBXNativeTarget;
			buildConfigurationList = 49974031250CA76700618F9B /* Build configuration list for PBXNativeTarget "VoomTutorial" */;
			buildPhases = (
				407BFA82B1A77478BC1C1BD4 /* [CP] Check Pods Manifest.lock */,
				49974003250CA76500618F9B /* Sources */,
				49974004250CA76500618F9B /* Frameworks */,
				49974005250CA76500618F9B /* Resources */,
				2BD0F8E794ADC02EBE02BD60 /* [CP] Embed Pods Frameworks */,
			);
			buildRules = (
			);
			dependencies = (
			);
			name = VoomTutorial;
			productName = VoomTutorial;
			productReference = 49974007250CA76500618F9B /* VoomTutorial.app */;
			productType = "com.apple.product-type.application";
		};
		4997401C250CA76700618F9B /* VoomTutorialTests */ = {
			isa = PBXNativeTarget;
			buildConfigurationList = 49974034250CA76700618F9B /* Build configuration list for PBXNativeTarget "VoomTutorialTests" */;
			buildPhases = (
				78CD0437CC222EF6DB3A8D41 /* [CP] Check Pods Manifest.lock */,
				49974019250CA76700618F9B /* Sources */,
				4997401A250CA76700618F9B /* Frameworks */,
				4997401B250CA76700618F9B /* Resources */,
			);
			buildRules = (
			);
			dependencies = (
				4997401F250CA76700618F9B /* PBXTargetDependency */,
			);
			name = VoomTutorialTests;
			productName = VoomTutorialTests;
			productReference = 4997401D250CA76700618F9B /* VoomTutorialTests.xctest */;
			productType = "com.apple.product-type.bundle.unit-test";
		};
		49974027250CA76700618F9B /* VoomTutorialUITests */ = {
			isa = PBXNativeTarget;
			buildConfigurationList = 49974037250CA76700618F9B /* Build configuration list for PBXNativeTarget "VoomTutorialUITests" */;
			buildPhases = (
				50730E779D17DE7CF8410CF8 /* [CP] Check Pods Manifest.lock */,
				49974024250CA76700618F9B /* Sources */,
				49974025250CA76700618F9B /* Frameworks */,
				49974026250CA76700618F9B /* Resources */,
				D16B8202ADCABEC17FD66BA5 /* [CP] Embed Pods Frameworks */,
			);
			buildRules = (
			);
			dependencies = (
				4997402A250CA76700618F9B /* PBXTargetDependency */,
			);
			name = VoomTutorialUITests;
			productName = VoomTutorialUITests;
			productReference = 49974028250CA76700618F9B /* VoomTutorialUITests.xctest */;
			productType = "com.apple.product-type.bundle.ui-testing";
		};
/* End PBXNativeTarget section */

/* Begin PBXProject section */
		49973FFF250CA76500618F9B /* Project object */ = {
			isa = PBXProject;
			attributes = {
				LastSwiftUpdateCheck = 1170;
				LastUpgradeCheck = 1170;
				ORGANIZATIONNAME = "KANG HEE JONG";
				TargetAttributes = {
					49974006250CA76500618F9B = {
						CreatedOnToolsVersion = 11.7;
					};
					4997401C250CA76700618F9B = {
						CreatedOnToolsVersion = 11.7;
						TestTargetID = 49974006250CA76500618F9B;
					};
					49974027250CA76700618F9B = {
						CreatedOnToolsVersion = 11.7;
						TestTargetID = 49974006250CA76500618F9B;
					};
				};
			};
			buildConfigurationList = 49974002250CA76500618F9B /* Build configuration list for PBXProject "VoomTutorial" */;
			compatibilityVersion = "Xcode 9.3";
			developmentRegion = en;
			hasScannedForEncodings = 0;
			knownRegions = (
				en,
				Base,
			);
			mainGroup = 49973FFE250CA76500618F9B;
			productRefGroup = 49974008250CA76500618F9B /* Products */;
			projectDirPath = "";
			projectRoot = "";
			targets = (
				49974006250CA76500618F9B /* VoomTutorial */,
				4997401C250CA76700618F9B /* VoomTutorialTests */,
				49974027250CA76700618F9B /* VoomTutorialUITests */,
			);
		};
/* End PBXProject section */

/* Begin PBXResourcesBuildPhase section */
		49974005250CA76500618F9B /* Resources */ = {
			isa = PBXResourcesBuildPhase;
			buildActionMask = 2147483647;
			files = (
				49974017250CA76700618F9B /* LaunchScreen.storyboard in Resources */,
				49974014250CA76700618F9B /* Assets.xcassets in Resources */,
			);
			runOnlyForDeploymentPostprocessing = 0;
		};
		4997401B250CA76700618F9B /* Resources */ = {
			isa = PBXResourcesBuildPhase;
			buildActionMask = 2147483647;
			files = (
			);
			runOnlyForDeploymentPostprocessing = 0;
		};
		49974026250CA76700618F9B /* Resources */ = {
			isa = PBXResourcesBuildPhase;
			buildActionMask = 2147483647;
			files = (
			);
			runOnlyForDeploymentPostprocessing = 0;
		};
/* End PBXResourcesBuildPhase section */

/* Begin PBXShellScriptBuildPhase section */
		2BD0F8E794ADC02EBE02BD60 /* [CP] Embed Pods Frameworks */ = {
			isa = PBXShellScriptBuildPhase;
			buildActionMask = 2147483647;
			files = (
			);
			inputFileListPaths = (
				"${PODS_ROOT}/Target Support Files/Pods-VoomTutorial/Pods-VoomTutorial-frameworks-${CONFIGURATION}-input-files.xcfilelist",
			);
			name = "[CP] Embed Pods Frameworks";
			outputFileListPaths = (
				"${PODS_ROOT}/Target Support Files/Pods-VoomTutorial/Pods-VoomTutorial-frameworks-${CONFIGURATION}-output-files.xcfilelist",
			);
			runOnlyForDeploymentPostprocessing = 0;
			shellPath = /bin/sh;
			shellScript = "\"${PODS_ROOT}/Target Support Files/Pods-VoomTutorial/Pods-VoomTutorial-frameworks.sh\"\n";
			showEnvVarsInLog = 0;
		};
		407BFA82B1A77478BC1C1BD4 /* [CP] Check Pods Manifest.lock */ = {
			isa = PBXShellScriptBuildPhase;
			buildActionMask = 2147483647;
			files = (
			);
			inputFileListPaths = (
			);
			inputPaths = (
				"${PODS_PODFILE_DIR_PATH}/Podfile.lock",
				"${PODS_ROOT}/Manifest.lock",
			);
			name = "[CP] Check Pods Manifest.lock";
			outputFileListPaths = (
			);
			outputPaths = (
				"$(DERIVED_FILE_DIR)/Pods-VoomTutorial-checkManifestLockResult.txt",
			);
			runOnlyForDeploymentPostprocessing = 0;
			shellPath = /bin/sh;
			shellScript = "diff \"${PODS_PODFILE_DIR_PATH}/Podfile.lock\" \"${PODS_ROOT}/Manifest.lock\" > /dev/null\nif [ $? != 0 ] ; then\n    # print error to STDERR\n    echo \"error: The sandbox is not in sync with the Podfile.lock. Run 'pod install' or update your CocoaPods installation.\" >&2\n    exit 1\nfi\n# This output is used by Xcode 'outputs' to avoid re-running this script phase.\necho \"SUCCESS\" > \"${SCRIPT_OUTPUT_FILE_0}\"\n";
			showEnvVarsInLog = 0;
		};
		50730E779D17DE7CF8410CF8 /* [CP] Check Pods Manifest.lock */ = {
			isa = PBXShellScriptBuildPhase;
			buildActionMask = 2147483647;
			files = (
			);
			inputFileListPaths = (
			);
			inputPaths = (
				"${PODS_PODFILE_DIR_PATH}/Podfile.lock",
				"${PODS_ROOT}/Manifest.lock",
			);
			name = "[CP] Check Pods Manifest.lock";
			outputFileListPaths = (
			);
			outputPaths = (
				"$(DERIVED_FILE_DIR)/Pods-VoomTutorial-VoomTutorialUITests-checkManifestLockResult.txt",
			);
			runOnlyForDeploymentPostprocessing = 0;
			shellPath = /bin/sh;
			shellScript = "diff \"${PODS_PODFILE_DIR_PATH}/Podfile.lock\" \"${PODS_ROOT}/Manifest.lock\" > /dev/null\nif [ $? != 0 ] ; then\n    # print error to STDERR\n    echo \"error: The sandbox is not in sync with the Podfile.lock. Run 'pod install' or update your CocoaPods installation.\" >&2\n    exit 1\nfi\n# This output is used by Xcode 'outputs' to avoid re-running this script phase.\necho \"SUCCESS\" > \"${SCRIPT_OUTPUT_FILE_0}\"\n";
			showEnvVarsInLog = 0;
		};
		78CD0437CC222EF6DB3A8D41 /* [CP] Check Pods Manifest.lock */ = {
			isa = PBXShellScriptBuildPhase;
			buildActionMask = 2147483647;
			files = (
			);
			inputFileListPaths = (
			);
			inputPaths = (
				"${PODS_PODFILE_DIR_PATH}/Podfile.lock",
				"${PODS_ROOT}/Manifest.lock",
			);
			name = "[CP] Check Pods Manifest.lock";
			outputFileListPaths = (
			);
			outputPaths = (
				"$(DERIVED_FILE_DIR)/Pods-VoomTutorialTests-checkManifestLockResult.txt",
			);
			runOnlyForDeploymentPostprocessing = 0;
			shellPath = /bin/sh;
			shellScript = "diff \"${PODS_PODFILE_DIR_PATH}/Podfile.lock\" \"${PODS_ROOT}/Manifest.lock\" > /dev/null\nif [ $? != 0 ] ; then\n    # print error to STDERR\n    echo \"error: The sandbox is not in sync with the Podfile.lock. Run 'pod install' or update your CocoaPods installation.\" >&2\n    exit 1\nfi\n# This output is used by Xcode 'outputs' to avoid re-running this script phase.\necho \"SUCCESS\" > \"${SCRIPT_OUTPUT_FILE_0}\"\n";
			showEnvVarsInLog = 0;
		};
		D16B8202ADCABEC17FD66BA5 /* [CP] Embed Pods Frameworks */ = {
			isa = PBXShellScriptBuildPhase;
			buildActionMask = 2147483647;
			files = (
			);
			inputFileListPaths = (
				"${PODS_ROOT}/Target Support Files/Pods-VoomTutorial-VoomTutorialUITests/Pods-VoomTutorial-VoomTutorialUITests-frameworks-${CONFIGURATION}-input-files.xcfilelist",
			);
			name = "[CP] Embed Pods Frameworks";
			outputFileListPaths = (
				"${PODS_ROOT}/Target Support Files/Pods-VoomTutorial-VoomTutorialUITests/Pods-VoomTutorial-VoomTutorialUITests-frameworks-${CONFIGURATION}-output-files.xcfilelist",
			);
			runOnlyForDeploymentPostprocessing = 0;
			shellPath = /bin/sh;
			shellScript = "\"${PODS_ROOT}/Target Support Files/Pods-VoomTutorial-VoomTutorialUITests/Pods-VoomTutorial-VoomTutorialUITests-frameworks.sh\"\n";
			showEnvVarsInLog = 0;
		};
/* End PBXShellScriptBuildPhase section */

/* Begin PBXSourcesBuildPhase section */
		49974003250CA76500618F9B /* Sources */ = {
			isa = PBXSourcesBuildPhase;
			buildActionMask = 2147483647;
			files = (
				49974041250CDD2A00618F9B /* Entity+ValueObject.swift in Sources */,
				4997403D250CA83000618F9B /* WorkoutTarget.swift in Sources */,
				4997400B250CA76500618F9B /* AppDelegate.swift in Sources */,
				4997403F250CDCF800618F9B /* Workout.swift in Sources */,
			);
			runOnlyForDeploymentPostprocessing = 0;
		};
		49974019250CA76700618F9B /* Sources */ = {
			isa = PBXSourcesBuildPhase;
			buildActionMask = 2147483647;
			files = (
				49974022250CA76700618F9B /* VoomTutorialTests.swift in Sources */,
			);
			runOnlyForDeploymentPostprocessing = 0;
		};
		49974024250CA76700618F9B /* Sources */ = {
			isa = PBXSourcesBuildPhase;
			buildActionMask = 2147483647;
			files = (
				4997402D250CA76700618F9B /* VoomTutorialUITests.swift in Sources */,
			);
			runOnlyForDeploymentPostprocessing = 0;
		};
/* End PBXSourcesBuildPhase section */

/* Begin PBXTargetDependency section */
		4997401F250CA76700618F9B /* PBXTargetDependency */ = {
			isa = PBXTargetDependency;
			target = 49974006250CA76500618F9B /* VoomTutorial */;
			targetProxy = 4997401E250CA76700618F9B /* PBXContainerItemProxy */;
		};
		4997402A250CA76700618F9B /* PBXTargetDependency */ = {
			isa = PBXTargetDependency;
			target = 49974006250CA76500618F9B /* VoomTutorial */;
			targetProxy = 49974029250CA76700618F9B /* PBXContainerItemProxy */;
		};
/* End PBXTargetDependency section */

/* Begin PBXVariantGroup section */
		49974015250CA76700618F9B /* LaunchScreen.storyboard */ = {
			isa = PBXVariantGroup;
			children = (
				49974016250CA76700618F9B /* Base */,
			);
			name = LaunchScreen.storyboard;
			sourceTree = "<group>";
		};
/* End PBXVariantGroup section */

/* Begin XCBuildConfiguration section */
		4997402F250CA76700618F9B /* Debug */ = {
			isa = XCBuildConfiguration;
			buildSettings = {
				ALWAYS_SEARCH_USER_PATHS = NO;
				CLANG_ANALYZER_NONNULL = YES;
				CLANG_ANALYZER_NUMBER_OBJECT_CONVERSION = YES_AGGRESSIVE;
				CLANG_CXX_LANGUAGE_STANDARD = "gnu++14";
				CLANG_CXX_LIBRARY = "libc++";
				CLANG_ENABLE_MODULES = YES;
				CLANG_ENABLE_OBJC_ARC = YES;
				CLANG_ENABLE_OBJC_WEAK = YES;
				CLANG_WARN_BLOCK_CAPTURE_AUTORELEASING = YES;
				CLANG_WARN_BOOL_CONVERSION = YES;
				CLANG_WARN_COMMA = YES;
				CLANG_WARN_CONSTANT_CONVERSION = YES;
				CLANG_WARN_DEPRECATED_OBJC_IMPLEMENTATIONS = YES;
				CLANG_WARN_DIRECT_OBJC_ISA_USAGE = YES_ERROR;
				CLANG_WARN_DOCUMENTATION_COMMENTS = YES;
				CLANG_WARN_EMPTY_BODY = YES;
				CLANG_WARN_ENUM_CONVERSION = YES;
				CLANG_WARN_INFINITE_RECURSION = YES;
				CLANG_WARN_INT_CONVERSION = YES;
				CLANG_WARN_NON_LITERAL_NULL_CONVERSION = YES;
				CLANG_WARN_OBJC_IMPLICIT_RETAIN_SELF = YES;
				CLANG_WARN_OBJC_LITERAL_CONVERSION = YES;
				CLANG_WARN_OBJC_ROOT_CLASS = YES_ERROR;
				CLANG_WARN_RANGE_LOOP_ANALYSIS = YES;
				CLANG_WARN_STRICT_PROTOTYPES = YES;
				CLANG_WARN_SUSPICIOUS_MOVE = YES;
				CLANG_WARN_UNGUARDED_AVAILABILITY = YES_AGGRESSIVE;
				CLANG_WARN_UNREACHABLE_CODE = YES;
				CLANG_WARN__DUPLICATE_METHOD_MATCH = YES;
				COPY_PHASE_STRIP = NO;
				DEBUG_INFORMATION_FORMAT = dwarf;
				ENABLE_STRICT_OBJC_MSGSEND = YES;
				ENABLE_TESTABILITY = YES;
				GCC_C_LANGUAGE_STANDARD = gnu11;
				GCC_DYNAMIC_NO_PIC = NO;
				GCC_NO_COMMON_BLOCKS = YES;
				GCC_OPTIMIZATION_LEVEL = 0;
				GCC_PREPROCESSOR_DEFINITIONS = (
					"DEBUG=1",
					"$(inherited)",
				);
				GCC_WARN_64_TO_32_BIT_CONVERSION = YES;
				GCC_WARN_ABOUT_RETURN_TYPE = YES_ERROR;
				GCC_WARN_UNDECLARED_SELECTOR = YES;
				GCC_WARN_UNINITIALIZED_AUTOS = YES_AGGRESSIVE;
				GCC_WARN_UNUSED_FUNCTION = YES;
				GCC_WARN_UNUSED_VARIABLE = YES;
				IPHONEOS_DEPLOYMENT_TARGET = 13.7;
				MTL_ENABLE_DEBUG_INFO = INCLUDE_SOURCE;
				MTL_FAST_MATH = YES;
				ONLY_ACTIVE_ARCH = YES;
				SDKROOT = iphoneos;
				SWIFT_ACTIVE_COMPILATION_CONDITIONS = DEBUG;
				SWIFT_OPTIMIZATION_LEVEL = "-Onone";
			};
			name = Debug;
		};
		49974030250CA76700618F9B /* Release */ = {
			isa = XCBuildConfiguration;
			buildSettings = {
				ALWAYS_SEARCH_USER_PATHS = NO;
				CLANG_ANALYZER_NONNULL = YES;
				CLANG_ANALYZER_NUMBER_OBJECT_CONVERSION = YES_AGGRESSIVE;
				CLANG_CXX_LANGUAGE_STANDARD = "gnu++14";
				CLANG_CXX_LIBRARY = "libc++";
				CLANG_ENABLE_MODULES = YES;
				CLANG_ENABLE_OBJC_ARC = YES;
				CLANG_ENABLE_OBJC_WEAK = YES;
				CLANG_WARN_BLOCK_CAPTURE_AUTORELEASING = YES;
				CLANG_WARN_BOOL_CONVERSION = YES;
				CLANG_WARN_COMMA = YES;
				CLANG_WARN_CONSTANT_CONVERSION = YES;
				CLANG_WARN_DEPRECATED_OBJC_IMPLEMENTATIONS = YES;
				CLANG_WARN_DIRECT_OBJC_ISA_USAGE = YES_ERROR;
				CLANG_WARN_DOCUMENTATION_COMMENTS = YES;
				CLANG_WARN_EMPTY_BODY = YES;
				CLANG_WARN_ENUM_CONVERSION = YES;
				CLANG_WARN_INFINITE_RECURSION = YES;
				CLANG_WARN_INT_CONVERSION = YES;
				CLANG_WARN_NON_LITERAL_NULL_CONVERSION = YES;
				CLANG_WARN_OBJC_IMPLICIT_RETAIN_SELF = YES;
				CLANG_WARN_OBJC_LITERAL_CONVERSION = YES;
				CLANG_WARN_OBJC_ROOT_CLASS = YES_ERROR;
				CLANG_WARN_RANGE_LOOP_ANALYSIS = YES;
				CLANG_WARN_STRICT_PROTOTYPES = YES;
				CLANG_WARN_SUSPICIOUS_MOVE = YES;
				CLANG_WARN_UNGUARDED_AVAILABILITY = YES_AGGRESSIVE;
				CLANG_WARN_UNREACHABLE_CODE = YES;
				CLANG_WARN__DUPLICATE_METHOD_MATCH = YES;
				COPY_PHASE_STRIP = NO;
				DEBUG_INFORMATION_FORMAT = "dwarf-with-dsym";
				ENABLE_NS_ASSERTIONS = NO;
				ENABLE_STRICT_OBJC_MSGSEND = YES;
				GCC_C_LANGUAGE_STANDARD = gnu11;
				GCC_NO_COMMON_BLOCKS = YES;
				GCC_WARN_64_TO_32_BIT_CONVERSION = YES;
				GCC_WARN_ABOUT_RETURN_TYPE = YES_ERROR;
				GCC_WARN_UNDECLARED_SELECTOR = YES;
				GCC_WARN_UNINITIALIZED_AUTOS = YES_AGGRESSIVE;
				GCC_WARN_UNUSED_FUNCTION = YES;
				GCC_WARN_UNUSED_VARIABLE = YES;
				IPHONEOS_DEPLOYMENT_TARGET = 13.7;
				MTL_ENABLE_DEBUG_INFO = NO;
				MTL_FAST_MATH = YES;
				SDKROOT = iphoneos;
				SWIFT_COMPILATION_MODE = wholemodule;
				SWIFT_OPTIMIZATION_LEVEL = "-O";
				VALIDATE_PRODUCT = YES;
			};
			name = Release;
		};
		49974032250CA76700618F9B /* Debug */ = {
			isa = XCBuildConfiguration;
			baseConfigurationReference = E8BE35C717A11CEF6EA1E5E9 /* Pods-VoomTutorial.debug.xcconfig */;
			buildSettings = {
				ALWAYS_EMBED_SWIFT_STANDARD_LIBRARIES = "$(inherited)";
				ASSETCATALOG_COMPILER_APPICON_NAME = AppIcon;
				CODE_SIGN_STYLE = Automatic;
				INFOPLIST_FILE = VoomTutorial/Info.plist;
				IPHONEOS_DEPLOYMENT_TARGET = 11.0;
				LD_RUNPATH_SEARCH_PATHS = (
					"$(inherited)",
					"@executable_path/Frameworks",
				);
				PRODUCT_BUNDLE_IDENTIFIER = com.amuzeLab.VoomTutorial;
				PRODUCT_NAME = "$(TARGET_NAME)";
				SWIFT_VERSION = 5.0;
				TARGETED_DEVICE_FAMILY = "1,2";
			};
			name = Debug;
		};
		49974033250CA76700618F9B /* Release */ = {
			isa = XCBuildConfiguration;
			baseConfigurationReference = C78AD48E7C54020E27492AF6 /* Pods-VoomTutorial.release.xcconfig */;
			buildSettings = {
				ALWAYS_EMBED_SWIFT_STANDARD_LIBRARIES = "$(inherited)";
				ASSETCATALOG_COMPILER_APPICON_NAME = AppIcon;
				CODE_SIGN_STYLE = Automatic;
				INFOPLIST_FILE = VoomTutorial/Info.plist;
				IPHONEOS_DEPLOYMENT_TARGET = 11.0;
				LD_RUNPATH_SEARCH_PATHS = (
					"$(inherited)",
					"@executable_path/Frameworks",
				);
				PRODUCT_BUNDLE_IDENTIFIER = com.amuzeLab.VoomTutorial;
				PRODUCT_NAME = "$(TARGET_NAME)";
				SWIFT_VERSION = 5.0;
				TARGETED_DEVICE_FAMILY = "1,2";
			};
			name = Release;
		};
		49974035250CA76700618F9B /* Debug */ = {
			isa = XCBuildConfiguration;
			baseConfigurationReference = F462CF87B10CEB158685E243 /* Pods-VoomTutorialTests.debug.xcconfig */;
			buildSettings = {
				ALWAYS_EMBED_SWIFT_STANDARD_LIBRARIES = "${inherited}";
				BUNDLE_LOADER = "$(TEST_HOST)";
				CODE_SIGN_STYLE = Automatic;
				INFOPLIST_FILE = VoomTutorialTests/Info.plist;
				IPHONEOS_DEPLOYMENT_TARGET = 13.7;
				LD_RUNPATH_SEARCH_PATHS = (
					"$(inherited)",
					"@executable_path/Frameworks",
					"@loader_path/Frameworks",
				);
				PRODUCT_BUNDLE_IDENTIFIER = com.amuzeLab.VoomTutorialTests;
				PRODUCT_NAME = "$(TARGET_NAME)";
				SWIFT_VERSION = 5.0;
				TARGETED_DEVICE_FAMILY = "1,2";
				TEST_HOST = "$(BUILT_PRODUCTS_DIR)/VoomTutorial.app/VoomTutorial";
			};
			name = Debug;
		};
		49974036250CA76700618F9B /* Release */ = {
			isa = XCBuildConfiguration;
			baseConfigurationReference = FB5463F57B51C649C8E70FBC /* Pods-VoomTutorialTests.release.xcconfig */;
			buildSettings = {
				ALWAYS_EMBED_SWIFT_STANDARD_LIBRARIES = "${inherited}";
				BUNDLE_LOADER = "$(TEST_HOST)";
				CODE_SIGN_STYLE = Automatic;
				INFOPLIST_FILE = VoomTutorialTests/Info.plist;
				IPHONEOS_DEPLOYMENT_TARGET = 13.7;
				LD_RUNPATH_SEARCH_PATHS = (
					"$(inherited)",
					"@executable_path/Frameworks",
					"@loader_path/Frameworks",
				);
				PRODUCT_BUNDLE_IDENTIFIER = com.amuzeLab.VoomTutorialTests;
				PRODUCT_NAME = "$(TARGET_NAME)";
				SWIFT_VERSION = 5.0;
				TARGETED_DEVICE_FAMILY = "1,2";
				TEST_HOST = "$(BUILT_PRODUCTS_DIR)/VoomTutorial.app/VoomTutorial";
			};
			name = Release;
		};
		49974038250CA76700618F9B /* Debug */ = {
			isa = XCBuildConfiguration;
			baseConfigurationReference = 6220C2D4569EECFEA668792C /* Pods-VoomTutorial-VoomTutorialUITests.debug.xcconfig */;
			buildSettings = {
				ALWAYS_EMBED_SWIFT_STANDARD_LIBRARIES = "${inherited}";
				CODE_SIGN_STYLE = Automatic;
				INFOPLIST_FILE = VoomTutorialUITests/Info.plist;
				LD_RUNPATH_SEARCH_PATHS = (
					"$(inherited)",
					"@executable_path/Frameworks",
					"@loader_path/Frameworks",
				);
				PRODUCT_BUNDLE_IDENTIFIER = com.amuzeLab.VoomTutorialUITests;
				PRODUCT_NAME = "$(TARGET_NAME)";
				SWIFT_VERSION = 5.0;
				TARGETED_DEVICE_FAMILY = "1,2";
				TEST_TARGET_NAME = VoomTutorial;
			};
			name = Debug;
		};
		49974039250CA76700618F9B /* Release */ = {
			isa = XCBuildConfiguration;
			baseConfigurationReference = 21F8342838B2FAB4ABC1E323 /* Pods-VoomTutorial-VoomTutorialUITests.release.xcconfig */;
			buildSettings = {
				ALWAYS_EMBED_SWIFT_STANDARD_LIBRARIES = "${inherited}";
				CODE_SIGN_STYLE = Automatic;
				INFOPLIST_FILE = VoomTutorialUITests/Info.plist;
				LD_RUNPATH_SEARCH_PATHS = (
					"$(inherited)",
					"@executable_path/Frameworks",
					"@loader_path/Frameworks",
				);
				PRODUCT_BUNDLE_IDENTIFIER = com.amuzeLab.VoomTutorialUITests;
				PRODUCT_NAME = "$(TARGET_NAME)";
				SWIFT_VERSION = 5.0;
				TARGETED_DEVICE_FAMILY = "1,2";
				TEST_TARGET_NAME = VoomTutorial;
			};
			name = Release;
		};
/* End XCBuildConfiguration section */

/* Begin XCConfigurationList section */
		49974002250CA76500618F9B /* Build configuration list for PBXProject "VoomTutorial" */ = {
			isa = XCConfigurationList;
			buildConfigurations = (
				4997402F250CA76700618F9B /* Debug */,
				49974030250CA76700618F9B /* Release */,
			);
			defaultConfigurationIsVisible = 0;
			defaultConfigurationName = Release;
		};
		49974031250CA76700618F9B /* Build configuration list for PBXNativeTarget "VoomTutorial" */ = {
			isa = XCConfigurationList;
			buildConfigurations = (
				49974032250CA76700618F9B /* Debug */,
				49974033250CA76700618F9B /* Release */,
			);
			defaultConfigurationIsVisible = 0;
			defaultConfigurationName = Release;
		};
		49974034250CA76700618F9B /* Build configuration list for PBXNativeTarget "VoomTutorialTests" */ = {
			isa = XCConfigurationList;
			buildConfigurations = (
				49974035250CA76700618F9B /* Debug */,
				49974036250CA76700618F9B /* Release */,
			);
			defaultConfigurationIsVisible = 0;
			defaultConfigurationName = Release;
		};
		49974037250CA76700618F9B /* Build configuration list for PBXNativeTarget "VoomTutorialUITests" */ = {
			isa = XCConfigurationList;
			buildConfigurations = (
				49974038250CA76700618F9B /* Debug */,
				49974039250CA76700618F9B /* Release */,
			);
			defaultConfigurationIsVisible = 0;
			defaultConfigurationName = Release;
		};
/* End XCConfigurationList section */
	};
	rootObject = 49973FFF250CA76500618F9B /* Project object */;
}
